
Microsoft Visual Studio Solution File, Format Version 12.00
# Visual Studio Version 16
VisualStudioVersion = 16.0.30804.86
MinimumVisualStudioVersion = 10.0.40219.1
Project("{2150E333-8FDC-42A3-9474-1A3956D46DE8}") = "Src", "Src", "{62FFB6EC-A6D0-4587-BA50-1173AD315B56}"
EndProject
Project("{2150E333-8FDC-42A3-9474-1A3956D46DE8}") = "Test", "Test", "{4118F4C8-35DE-4CCD-9825-323EB984BA91}"
EndProject
Project("{2150E333-8FDC-42A3-9474-1A3956D46DE8}") = "Core", "Core", "{EFFE7F73-406F-4A52-8AA9-CF43C0B82F67}"
EndProject
Project("{2150E333-8FDC-42A3-9474-1A3956D46DE8}") = "Infrastructures", "Infrastructures", "{36AC4D3E-3D9E-41D1-BDFE-6D3170A11F8E}"
EndProject
Project("{2150E333-8FDC-42A3-9474-1A3956D46DE8}") = "Presentation", "Presentation", "{5547068C-107C-443F-B907-8494AE07EA76}"
EndProject
Project("{FAE04EC0-301F-11D3-BF4B-00C04F79EFBC}") = "Application", "Application\Application.csproj", "{0E8D8899-69EC-4F10-BCA1-1E0169607914}"
EndProject
Project("{FAE04EC0-301F-11D3-BF4B-00C04F79EFBC}") = "Domain", "Domain\Domain.csproj", "{EECC7F65-BAB5-4705-83DD-09A72B3F8685}"
EndProject
Project("{FAE04EC0-301F-11D3-BF4B-00C04F79EFBC}") = "Infrastructure", "Infrastructure\Infrastructure.csproj", "{1B9D9C5E-1E0B-4B54-B8FE-8C365A42F1E3}"
EndProject
Project("{FAE04EC0-301F-11D3-BF4B-00C04F79EFBC}") = "Persistence", "Persistence\Persistence.csproj", "{E554EF26-C0D3-492E-9155-84BE48BD9B2E}"
EndProject
Project("{FAE04EC0-301F-11D3-BF4B-00C04F79EFBC}") = "Admin.EndPoint", "Admin.EndPoint\Admin.EndPoint.csproj", "{593E4E4B-5A05-410E-981B-19A80DE07307}"
EndProject
Global
	GlobalSection(SolutionConfigurationPlatforms) = preSolution
		Debug|Any CPU = Debug|Any CPU
		Release|Any CPU = Release|Any CPU
	EndGlobalSection
	GlobalSection(ProjectConfigurationPlatforms) = postSolution
		{0E8D8899-69EC-4F10-BCA1-1E0169607914}.Debug|Any CPU.ActiveCfg = Debug|Any CPU
		{0E8D8899-69EC-4F10-BCA1-1E0169607914}.Debug|Any CPU.Build.0 = Debug|Any CPU
		{0E8D8899-69EC-4F10-BCA1-1E0169607914}.Release|Any CPU.ActiveCfg = Release|Any CPU
		{0E8D8899-69EC-4F10-BCA1-1E0169607914}.Release|Any CPU.Build.0 = Release|Any CPU
		{EECC7F65-BAB5-4705-83DD-09A72B3F8685}.Debug|Any CPU.ActiveCfg = Debug|Any CPU
		{EECC7F65-BAB5-4705-83DD-09A72B3F8685}.Debug|Any CPU.Build.0 = Debug|Any CPU
		{EECC7F65-BAB5-4705-83DD-09A72B3F8685}.Release|Any CPU.ActiveCfg = Release|Any CPU
		{EECC7F65-BAB5-4705-83DD-09A72B3F8685}.Release|Any CPU.Build.0 = Release|Any CPU
		{1B9D9C5E-1E0B-4B54-B8FE-8C365A42F1E3}.Debug|Any CPU.ActiveCfg = Debug|Any CPU
		{1B9D9C5E-1E0B-4B54-B8FE-8C365A42F1E3}.Debug|Any CPU.Build.0 = Debug|Any CPU
		{1B9D9C5E-1E0B-4B54-B8FE-8C365A42F1E3}.Release|Any CPU.ActiveCfg = Release|Any CPU
		{1B9D9C5E-1E0B-4B54-B8FE-8C365A42F1E3}.Release|Any CPU.Build.0 = Release|Any CPU
		{E554EF26-C0D3-492E-9155-84BE48BD9B2E}.Debug|Any CPU.ActiveCfg = Debug|Any CPU
		{E554EF26-C0D3-492E-9155-84BE48BD9B2E}.Debug|Any CPU.Build.0 = Debug|Any CPU
		{E554EF26-C0D3-492E-9155-84BE48BD9B2E}.Release|Any CPU.ActiveCfg = Release|Any CPU
		{E554EF26-C0D3-492E-9155-84BE48BD9B2E}.Release|Any CPU.Build.0 = Release|Any CPU
		{593E4E4B-5A05-410E-981B-19A80DE07307}.Debug|Any CPU.ActiveCfg = Debug|Any CPU
		{593E4E4B-5A05-410E-981B-19A80DE07307}.Debug|Any CPU.Build.0 = Debug|Any CPU
		{593E4E4B-5A05-410E-981B-19A80DE07307}.Release|Any CPU.ActiveCfg = Release|Any CPU
		{593E4E4B-5A05-410E-981B-19A80DE07307}.Release|Any CPU.Build.0 = Release|Any CPU
	EndGlobalSection
	GlobalSection(SolutionProperties) = preSolution
		HideSolutionNode = FALSE
	EndGlobalSection
	GlobalSection(NestedProjects) = preSolution
		{EFFE7F73-406F-4A52-8AA9-CF43C0B82F67} = {62FFB6EC-A6D0-4587-BA50-1173AD315B56}
		{36AC4D3E-3D9E-41D1-BDFE-6D3170A11F8E} = {62FFB6EC-A6D0-4587-BA50-1173AD315B56}
		{5547068C-107C-443F-B907-8494AE07EA76} = {62FFB6EC-A6D0-4587-BA50-1173AD315B56}
		{0E8D8899-69EC-4F10-BCA1-1E0169607914} = {EFFE7F73-406F-4A52-8AA9-CF43C0B82F67}
		{EECC7F65-BAB5-4705-83DD-09A72B3F8685} = {EFFE7F73-406F-4A52-8AA9-CF43C0B82F67}
		{1B9D9C5E-1E0B-4B54-B8FE-8C365A42F1E3} = {36AC4D3E-3D9E-41D1-BDFE-6D3170A11F8E}
		{E554EF26-C0D3-492E-9155-84BE48BD9B2E} = {36AC4D3E-3D9E-41D1-BDFE-6D3170A11F8E}
		{593E4E4B-5A05-410E-981B-19A80DE07307} = {5547068C-107C-443F-B907-8494AE07EA76}
	EndGlobalSection
	GlobalSection(ExtensibilityGlobals) = postSolution
		SolutionGuid = {E7555957-ABDB-48F9-B74B-91757EF3369D}
	EndGlobalSection
EndGlobal
